{
  "name": "mass-util-map",
  "version": "1.0.0",
  "lockfileVersion": 1,
  "requires": true,
  "dependencies": {
    "d3-array": {
      "version": "1.2.4",
      "resolved": "https://registry.npmjs.org/d3-array/-/d3-array-1.2.4.tgz",
      "integrity": "sha512-KHW6M86R+FUPYGb3R5XiYjXPq7VzwxZ22buHhAEVG5ztoEcZZMLov530mmccaqA1GghZArjQV46fuc8kUqhhHw=="
    },
    "d3-geo": {
      "version": "1.11.1",
      "resolved": "https://registry.npmjs.org/d3-geo/-/d3-geo-1.11.1.tgz",
      "integrity": "sha512-GsG7x9G9sykseLviOVSJ3h5yjw0ItLopOtuDQKUt1TRklEegCw5WAmnIpYYiCkSH/QgUMleAeE2xZK38Qb+1+Q==",
      "requires": {
        "d3-array": "1"
      }
    },
    "ramda": {
      "version": "0.26.0",
      "resolved": "https://registry.npmjs.org/ramda/-/ramda-0.26.0.tgz",
      "integrity": "sha512-maK1XqpgsOo5DwjhROjqDvpm1vkphLQbpleVv+b3t5Y9uOQ0t8hTHT582+mDs7RLrex1kd4lWYizNXWLVjsq9w=="
    }
  }
}
